Microsoft Visual Studio Solution File, Format Version 12.00
# Visual Studio Version 17
VisualStudioVersion = 17.9.34728.123
MinimumVisualStudioVersion = 10.0.40219.1
Project("{9A19103F-16F7-4668-BE54-9A1E7A4F7556}") = "RAVEN2", "RAVEN.csproj", "{D94584A9-69E7-4F1B-95A4-D95A10386691}"
EndProject
Global
	GlobalSection(SolutionConfigurationPlatforms) = preSolution
		Debug|Any CPU = Debug|Any CPU
		Release|Any CPU = Release|Any CPU
	EndGlobalSection
	GlobalSection(ProjectConfigurationPlatforms) = postSolution
		{D94584A9-69E7-4F1B-95A4-D95A10386691}.Debug|Any CPU.ActiveCfg = Debug|Any CPU
		{D94584A9-69E7-4F1B-95A4-D95A10386691}.Debug|Any CPU.Build.0 = Debug|Any CPU
		{D94584A9-69E7-4F1B-95A4-D95A10386691}.Release|Any CPU.ActiveCfg = Release|Any CPU
		{D94584A9-69E7-4F1B-95A4-D95A10386691}.Release|Any CPU.Build.0 = Release|Any CPU
	EndGlobalSection
	GlobalSection(SolutionProperties) = preSolution
		HideSolutionNode = FALSE
	EndGlobalSection
	GlobalSection(ExtensibilityGlobals) = postSolution
		SolutionGuid = {CAD9C12C-FE67-49CA-A257-5CA1BD3F8969}
	EndGlobalSection
EndGlobal
